
Microsoft Visual Studio Solution File, Format Version 12.00
# Visual Studio 2012
Project("{FAE04EC0-301F-11D3-BF4B-00C04F79EFBC}") = "tx_contentcontrols", "tx_contentcontrols\tx_contentcontrols.csproj", "{8786F8F6-07BD-498E-80A3-3C8CCEA053BD}"
EndProject
Project("{FAE04EC0-301F-11D3-BF4B-00C04F79EFBC}") = "ContentControls", "ContentControls\ContentControls.csproj", "{3D6B5C80-F133-40DA-A390-C096BDD49916}"
EndProject
Global
	GlobalSection(SolutionConfigurationPlatforms) = preSolution
		Debug|Any CPU = Debug|Any CPU
		Release|Any CPU = Release|Any CPU
	EndGlobalSection
	GlobalSection(ProjectConfigurationPlatforms) = postSolution
		{8786F8F6-07BD-498E-80A3-3C8CCEA053BD}.Debug|Any CPU.ActiveCfg = Debug|Any CPU
		{8786F8F6-07BD-498E-80A3-3C8CCEA053BD}.Debug|Any CPU.Build.0 = Debug|Any CPU
		{8786F8F6-07BD-498E-80A3-3C8CCEA053BD}.Release|Any CPU.ActiveCfg = Release|Any CPU
		{8786F8F6-07BD-498E-80A3-3C8CCEA053BD}.Release|Any CPU.Build.0 = Release|Any CPU
		{3D6B5C80-F133-40DA-A390-C096BDD49916}.Debug|Any CPU.ActiveCfg = Debug|Any CPU
		{3D6B5C80-F133-40DA-A390-C096BDD49916}.Debug|Any CPU.Build.0 = Debug|Any CPU
		{3D6B5C80-F133-40DA-A390-C096BDD49916}.Release|Any CPU.ActiveCfg = Release|Any CPU
		{3D6B5C80-F133-40DA-A390-C096BDD49916}.Release|Any CPU.Build.0 = Release|Any CPU
	EndGlobalSection
	GlobalSection(SolutionProperties) = preSolution
		HideSolutionNode = FALSE
	EndGlobalSection
EndGlobal
